
Microsoft Visual Studio Solution File, Format Version 12.00
# Visual Studio Version 16
VisualStudioVersion = 16.0.30804.86
MinimumVisualStudioVersion = 10.0.40219.1
Project("{9092AA53-FB77-4645-B42D-1CCCA6BD08BD}") = "Odev1", "Odev1.njsproj", "{D91E3F1E-6953-471B-B6DE-D197CA67113B}"
EndProject
Global
	GlobalSection(SolutionConfigurationPlatforms) = preSolution
		Debug|Any CPU = Debug|Any CPU
		Release|Any CPU = Release|Any CPU
	EndGlobalSection
	GlobalSection(ProjectConfigurationPlatforms) = postSolution
		{D91E3F1E-6953-471B-B6DE-D197CA67113B}.Debug|Any CPU.ActiveCfg = Debug|Any CPU
		{D91E3F1E-6953-471B-B6DE-D197CA67113B}.Debug|Any CPU.Build.0 = Debug|Any CPU
		{D91E3F1E-6953-471B-B6DE-D197CA67113B}.Release|Any CPU.ActiveCfg = Release|Any CPU
		{D91E3F1E-6953-471B-B6DE-D197CA67113B}.Release|Any CPU.Build.0 = Release|Any CPU
	EndGlobalSection
	GlobalSection(SolutionProperties) = preSolution
		HideSolutionNode = FALSE
	EndGlobalSection
	GlobalSection(ExtensibilityGlobals) = postSolution
		SolutionGuid = {38D9E582-D5E9-45C1-9BB1-B404FE57551D}
	EndGlobalSection
EndGlobal
